
Microsoft Visual Studio Solution File, Format Version 12.00
# Visual Studio 15
VisualStudioVersion = 15.0.28010.2036
MinimumVisualStudioVersion = 10.0.40219.1
Project("{FAE04EC0-301F-11D3-BF4B-00C04F79EFBC}") = "Escher.Core", "Escher.Core\Escher.Core.csproj", "{B1ADDFF4-C72D-4F80-84BC-04B107E198F8}"
EndProject
Global
	GlobalSection(SolutionConfigurationPlatforms) = preSolution
		Debug|Any CPU = Debug|Any CPU
		Release|Any CPU = Release|Any CPU
	EndGlobalSection
	GlobalSection(ProjectConfigurationPlatforms) = postSolution
		{B1ADDFF4-C72D-4F80-84BC-04B107E198F8}.Debug|Any CPU.ActiveCfg = Debug|Any CPU
		{B1ADDFF4-C72D-4F80-84BC-04B107E198F8}.Debug|Any CPU.Build.0 = Debug|Any CPU
		{B1ADDFF4-C72D-4F80-84BC-04B107E198F8}.Release|Any CPU.ActiveCfg = Release|Any CPU
		{B1ADDFF4-C72D-4F80-84BC-04B107E198F8}.Release|Any CPU.Build.0 = Release|Any CPU
	EndGlobalSection
	GlobalSection(SolutionProperties) = preSolution
		HideSolutionNode = FALSE
	EndGlobalSection
	GlobalSection(ExtensibilityGlobals) = postSolution
		SolutionGuid = {4CF28388-2D9F-49F8-A75E-267894B25C72}
	EndGlobalSection
EndGlobal
